{
  "nodes": {
    "flake-utils": {
      "inputs": {
        "systems": "systems"
      },
      "locked": {
        "lastModified": 1731533236,
        "narHash": "sha256-l0KFg5HjrsfsO/JpG+r7fRrqm12kzFHyUHqHCVpMMbI=",
        "owner": "numtide",
        "repo": "flake-utils",
        "rev": "11707dc2f618dd54ca8739b309ec4fc024de578b",
        "type": "github"
      },
      "original": {
        "owner": "numtide",
        "repo": "flake-utils",
        "type": "github"
      }
    },
    "hbb_common": {
      "flake": false,
      "locked": {
        "lastModified": 1788837886,
        "narHash": "sha256-cGpfKKZnKmbpCZv06pcdMF9rfNCU4077I4fkh7vlWOA=",
        "owner": "rustdesk",
        "repo": "hbb_common",
        "rev": "55395c6fcbcb8dd4bc8d4e7ab4d7d7c8d1789b43",
        "type": "github"
      },
      "original": {
        "owner": "rustdesk",
        "repo": "hbb_common",
        "rev": "55395c6fcbcb8dd4bc8d4e7ab4d7d7c8d1789b43",
        "type": "github"
      }
    },
    "nixpkgs": {
      "locked": {
        "lastModified": 1788775869,
        "narHash": "sha256-JRf1lSypbvKj6AzUZHpUA6YC1DirVuitZWOnRwcm+Ww=",
        "owner": "NixOS",
        "repo": "nixpkgs",
        "rev": "58973d74f1893afe13f5902919803a0e99da0ca4",
        "type": "github"
      },
      "original": {
        "owner": "NixOS",
        "ref": "nixpkgs-unstable",
        "repo": "nixpkgs",
        "type": "github"
      }
    },
    "nixpkgs-darwin-legacy": {
      "locked": {
        "lastModified": 1788807765,
        "narHash": "sha256-J9oC0bKnkXUrMegqRTXVkyDFJ0gn2U/Qpoo9HgGMQmA=",
        "owner": "NixOS",
        "repo": "nixpkgs",
        "rev": "93108a538f079596c9a16c72cf03e9322782b6dd",
        "type": "github"
      },
      "original": {
        "owner": "NixOS",
        "ref": "nixpkgs-26.05-darwin",
        "repo": "nixpkgs",
        "type": "github"
      }
    },
    "root": {
      "inputs": {
        "flake-utils": "flake-utils",
        "hbb_common": "hbb_common",
        "nixpkgs": "nixpkgs",
        "nixpkgs-darwin-legacy": "nixpkgs-darwin-legacy"
      }
    },
    "systems": {
      "locked": {
        "lastModified": 1681028828,
        "narHash": "sha256-Vy1rq5AaRuLzOxct8nz4T6wlgyUR7zLU309k9mBC768=",
        "owner": "nix-systems",
        "repo": "default",
        "rev": "da67096a3b9bf56a91d16901293e51ba5b49a27e",
        "type": "github"
      },
      "original": {
        "owner": "nix-systems",
        "repo": "default",
        "type": "github"
      }
    }
  },
  "root": "root",
  "version": 7
}
