# Generated by pub
# See https://dart.dev/tools/pub/glossary#lockfile
packages:
  archive:
    dependency: transitive
    description:
      name: archive
      url: "https://mirrors.tuna.tsinghua.edu.cn/dart-pub/"
    source: hosted
    version: "3.3.1"
  args:
    dependency: transitive
    description:
      name: args
      url: "https://mirrors.tuna.tsinghua.edu.cn/dart-pub/"
    source: hosted
    version: "2.3.1"
  async:
    dependency: transitive
    description:
      name: async
      url: "https://mirrors.tuna.tsinghua.edu.cn/dart-pub/"
    source: hosted
    version: "2.8.2"
  boolean_selector:
    dependency: transitive
    description:
      name: boolean_selector
      url: "https://mirrors.tuna.tsinghua.edu.cn/dart-pub/"
    source: hosted
    version: "2.1.0"
  cached_network_image:
    dependency: transitive
    description:
      name: cached_network_image
      url: "https://mirrors.tuna.tsinghua.edu.cn/dart-pub/"
    source: hosted
    version: "3.2.1"
  cached_network_image_platform_interface:
    dependency: transitive
    description:
      name: cached_network_image_platform_interface
      url: "https://mirrors.tuna.tsinghua.edu.cn/dart-pub/"
    source: hosted
    version: "1.0.0"
  cached_network_image_web:
    dependency: transitive
    description:
      name: cached_network_image_web
      url: "https://mirrors.tuna.tsinghua.edu.cn/dart-pub/"
    source: hosted
    version: "1.0.1"
  characters:
    dependency: transitive
    description:
      name: characters
      url: "https://mirrors.tuna.tsinghua.edu.cn/dart-pub/"
    source: hosted
    version: "1.2.0"
  charcode:
    dependency: transitive
    description:
      name: charcode
      url: "https://mirrors.tuna.tsinghua.edu.cn/dart-pub/"
    source: hosted
    version: "1.3.1"
  clock:
    dependency: transitive
    description:
      name: clock
      url: "https://mirrors.tuna.tsinghua.edu.cn/dart-pub/"
    source: hosted
    version: "1.1.0"
  collection:
    dependency: transitive
    description:
      name: collection
      url: "https://mirrors.tuna.tsinghua.edu.cn/dart-pub/"
    source: hosted
    version: "1.16.0"
  cross_file:
    dependency: transitive
    description:
      name: cross_file
      url: "https://mirrors.tuna.tsinghua.edu.cn/dart-pub/"
    source: hosted
    version: "0.3.3+1"
  crypto:
    dependency: transitive
    description:
      name: crypto
      url: "https://mirrors.tuna.tsinghua.edu.cn/dart-pub/"
    source: hosted
    version: "3.0.2"
  csslib:
    dependency: transitive
    description:
      name: csslib
      url: "https://mirrors.tuna.tsinghua.edu.cn/dart-pub/"
    source: hosted
    version: "0.17.2"
  cupertino_icons:
    dependency: "direct main"
    description:
      name: cupertino_icons
      url: "https://mirrors.tuna.tsinghua.edu.cn/dart-pub/"
    source: hosted
    version: "1.0.5"
  dash_chat_2:
    dependency: "direct main"
    description:
      name: dash_chat_2
      url: "https://mirrors.tuna.tsinghua.edu.cn/dart-pub/"
    source: hosted
    version: "0.0.12"
  device_info:
    dependency: "direct main"
    description:
      name: device_info
      url: "https://mirrors.tuna.tsinghua.edu.cn/dart-pub/"
    source: hosted
    version: "2.0.3"
  device_info_platform_interface:
    dependency: transitive
    description:
      name: device_info_platform_interface
      url: "https://mirrors.tuna.tsinghua.edu.cn/dart-pub/"
    source: hosted
    version: "2.0.1"
  draggable_float_widget:
    dependency: "direct main"
    description:
      name: draggable_float_widget
      url: "https://mirrors.tuna.tsinghua.edu.cn/dart-pub/"
    source: hosted
    version: "0.0.2"
  event_bus:
    dependency: transitive
    description:
      name: event_bus
      url: "https://mirrors.tuna.tsinghua.edu.cn/dart-pub/"
    source: hosted
    version: "2.0.0"
  external_path:
    dependency: "direct main"
    description:
      name: external_path
      url: "https://mirrors.tuna.tsinghua.edu.cn/dart-pub/"
    source: hosted
    version: "1.0.1"
  fake_async:
    dependency: transitive
    description:
      name: fake_async
      url: "https://mirrors.tuna.tsinghua.edu.cn/dart-pub/"
    source: hosted
    version: "1.3.0"
  ffi:
    dependency: "direct main"
    description:
      name: ffi
      url: "https://mirrors.tuna.tsinghua.edu.cn/dart-pub/"
    source: hosted
    version: "1.2.1"
  file:
    dependency: transitive
    description:
      name: file
      url: "https://mirrors.tuna.tsinghua.edu.cn/dart-pub/"
    source: hosted
    version: "6.1.2"
  firebase_analytics:
    dependency: "direct main"
    description:
      name: firebase_analytics
      url: "https://mirrors.tuna.tsinghua.edu.cn/dart-pub/"
    source: hosted
    version: "9.3.0"
  firebase_analytics_platform_interface:
    dependency: transitive
    description:
      name: firebase_analytics_platform_interface
      url: "https://mirrors.tuna.tsinghua.edu.cn/dart-pub/"
    source: hosted
    version: "3.3.0"
  firebase_analytics_web:
    dependency: transitive
    description:
      name: firebase_analytics_web
      url: "https://mirrors.tuna.tsinghua.edu.cn/dart-pub/"
    source: hosted
    version: "0.4.2"
  firebase_core:
    dependency: transitive
    description:
      name: firebase_core
      url: "https://mirrors.tuna.tsinghua.edu.cn/dart-pub/"
    source: hosted
    version: "1.20.0"
  firebase_core_platform_interface:
    dependency: transitive
    description:
      name: firebase_core_platform_interface
      url: "https://mirrors.tuna.tsinghua.edu.cn/dart-pub/"
    source: hosted
    version: "4.5.0"
  firebase_core_web:
    dependency: transitive
    description:
      name: firebase_core_web
      url: "https://mirrors.tuna.tsinghua.edu.cn/dart-pub/"
    source: hosted
    version: "1.7.1"
  fixnum:
    dependency: transitive
    description:
      name: fixnum
      url: "https://mirrors.tuna.tsinghua.edu.cn/dart-pub/"
    source: hosted
    version: "1.0.1"
  flutter:
    dependency: "direct main"
    description: flutter
    source: sdk
    version: "0.0.0"
  flutter_blurhash:
    dependency: transitive
    description:
      name: flutter_blurhash
      url: "https://mirrors.tuna.tsinghua.edu.cn/dart-pub/"
    source: hosted
    version: "0.7.0"
  flutter_breadcrumb:
    dependency: "direct main"
    description:
      name: flutter_breadcrumb
      url: "https://mirrors.tuna.tsinghua.edu.cn/dart-pub/"
    source: hosted
    version: "1.0.1"
  flutter_cache_manager:
    dependency: transitive
    description:
      name: flutter_cache_manager
      url: "https://mirrors.tuna.tsinghua.edu.cn/dart-pub/"
    source: hosted
    version: "3.3.0"
  flutter_launcher_icons:
    dependency: "direct dev"
    description:
      name: flutter_launcher_icons
      url: "https://mirrors.tuna.tsinghua.edu.cn/dart-pub/"
    source: hosted
    version: "0.9.3"
  flutter_parsed_text:
    dependency: transitive
    description:
      name: flutter_parsed_text
      url: "https://mirrors.tuna.tsinghua.edu.cn/dart-pub/"
    source: hosted
    version: "2.2.1"
  flutter_plugin_android_lifecycle:
    dependency: transitive
    description:
      name: flutter_plugin_android_lifecycle
      url: "https://mirrors.tuna.tsinghua.edu.cn/dart-pub/"
    source: hosted
    version: "2.0.7"
  flutter_rust_bridge:
    dependency: "direct main"
    description:
      name: flutter_rust_bridge
      url: "https://mirrors.tuna.tsinghua.edu.cn/dart-pub/"
    source: hosted
    version: "1.41.0"
  flutter_smart_dialog:
    dependency: "direct main"
    description:
      name: flutter_smart_dialog
      url: "https://mirrors.tuna.tsinghua.edu.cn/dart-pub/"
    source: hosted
    version: "4.5.4+1"
  flutter_test:
    dependency: "direct dev"
    description: flutter
    source: sdk
    version: "0.0.0"
  flutter_web_plugins:
    dependency: transitive
    description: flutter
    source: sdk
    version: "0.0.0"
  html:
    dependency: transitive
    description:
      name: html
      url: "https://mirrors.tuna.tsinghua.edu.cn/dart-pub/"
    source: hosted
    version: "0.15.0"
  http:
    dependency: "direct main"
    description:
      name: http
      url: "https://mirrors.tuna.tsinghua.edu.cn/dart-pub/"
    source: hosted
    version: "0.13.5"
  http_parser:
    dependency: transitive
    description:
      name: http_parser
      url: "https://mirrors.tuna.tsinghua.edu.cn/dart-pub/"
    source: hosted
    version: "4.0.1"
  image:
    dependency: "direct main"
    description:
      name: image
      url: "https://mirrors.tuna.tsinghua.edu.cn/dart-pub/"
    source: hosted
    version: "3.2.0"
  image_picker:
    dependency: "direct main"
    description:
      name: image_picker
      url: "https://mirrors.tuna.tsinghua.edu.cn/dart-pub/"
    source: hosted
    version: "0.8.5+3"
  image_picker_android:
    dependency: transitive
    description:
      name: image_picker_android
      url: "https://mirrors.tuna.tsinghua.edu.cn/dart-pub/"
    source: hosted
    version: "0.8.5+2"
  image_picker_for_web:
    dependency: transitive
    description:
      name: image_picker_for_web
      url: "https://mirrors.tuna.tsinghua.edu.cn/dart-pub/"
    source: hosted
    version: "2.1.8"
  image_picker_ios:
    dependency: transitive
    description:
      name: image_picker_ios
      url: "https://mirrors.tuna.tsinghua.edu.cn/dart-pub/"
    source: hosted
    version: "0.8.5+6"
  image_picker_platform_interface:
    dependency: transitive
    description:
      name: image_picker_platform_interface
      url: "https://mirrors.tuna.tsinghua.edu.cn/dart-pub/"
    source: hosted
    version: "2.6.1"
  intl:
    dependency: transitive
    description:
      name: intl
      url: "https://mirrors.tuna.tsinghua.edu.cn/dart-pub/"
    source: hosted
    version: "0.17.0"
  js:
    dependency: transitive
    description:
      name: js
      url: "https://mirrors.tuna.tsinghua.edu.cn/dart-pub/"
    source: hosted
    version: "0.6.4"
  matcher:
    dependency: transitive
    description:
      name: matcher
      url: "https://mirrors.tuna.tsinghua.edu.cn/dart-pub/"
    source: hosted
    version: "0.12.11"
  material_color_utilities:
    dependency: transitive
    description:
      name: material_color_utilities
      url: "https://mirrors.tuna.tsinghua.edu.cn/dart-pub/"
    source: hosted
    version: "0.1.4"
  meta:
    dependency: transitive
    description:
      name: meta
      url: "https://mirrors.tuna.tsinghua.edu.cn/dart-pub/"
    source: hosted
    version: "1.7.0"
  nested:
    dependency: transitive
    description:
      name: nested
      url: "https://mirrors.tuna.tsinghua.edu.cn/dart-pub/"
    source: hosted
    version: "1.0.0"
  octo_image:
    dependency: transitive
    description:
      name: octo_image
      url: "https://mirrors.tuna.tsinghua.edu.cn/dart-pub/"
    source: hosted
    version: "1.0.2"
  package_info:
    dependency: "direct main"
    description:
      name: package_info
      url: "https://mirrors.tuna.tsinghua.edu.cn/dart-pub/"
    source: hosted
    version: "2.0.2"
  path:
    dependency: transitive
    description:
      name: path
      url: "https://mirrors.tuna.tsinghua.edu.cn/dart-pub/"
    source: hosted
    version: "1.8.1"
  path_provider:
    dependency: "direct main"
    description:
      name: path_provider
      url: "https://mirrors.tuna.tsinghua.edu.cn/dart-pub/"
    source: hosted
    version: "2.0.11"
  path_provider_android:
    dependency: transitive
    description:
      name: path_provider_android
      url: "https://mirrors.tuna.tsinghua.edu.cn/dart-pub/"
    source: hosted
    version: "2.0.17"
  path_provider_ios:
    dependency: transitive
    description:
      name: path_provider_ios
      url: "https://mirrors.tuna.tsinghua.edu.cn/dart-pub/"
    source: hosted
    version: "2.0.11"
  path_provider_linux:
    dependency: transitive
    description:
      name: path_provider_linux
      url: "https://mirrors.tuna.tsinghua.edu.cn/dart-pub/"
    source: hosted
    version: "2.1.7"
  path_provider_macos:
    dependency: transitive
    description:
      name: path_provider_macos
      url: "https://mirrors.tuna.tsinghua.edu.cn/dart-pub/"
    source: hosted
    version: "2.0.6"
  path_provider_platform_interface:
    dependency: transitive
    description:
      name: path_provider_platform_interface
      url: "https://mirrors.tuna.tsinghua.edu.cn/dart-pub/"
    source: hosted
    version: "2.0.4"
  path_provider_windows:
    dependency: transitive
    description:
      name: path_provider_windows
      url: "https://mirrors.tuna.tsinghua.edu.cn/dart-pub/"
    source: hosted
    version: "2.0.7"
  pedantic:
    dependency: transitive
    description:
      name: pedantic
      url: "https://mirrors.tuna.tsinghua.edu.cn/dart-pub/"
    source: hosted
    version: "1.11.1"
  petitparser:
    dependency: transitive
    description:
      name: petitparser
      url: "https://mirrors.tuna.tsinghua.edu.cn/dart-pub/"
    source: hosted
    version: "5.0.0"
  platform:
    dependency: transitive
    description:
      name: platform
      url: "https://mirrors.tuna.tsinghua.edu.cn/dart-pub/"
    source: hosted
    version: "3.1.0"
  plugin_platform_interface:
    dependency: transitive
    description:
      name: plugin_platform_interface
      url: "https://mirrors.tuna.tsinghua.edu.cn/dart-pub/"
    source: hosted
    version: "2.1.2"
  process:
    dependency: transitive
    description:
      name: process
      url: "https://mirrors.tuna.tsinghua.edu.cn/dart-pub/"
    source: hosted
    version: "4.2.4"
  provider:
    dependency: "direct main"
    description:
      name: provider
      url: "https://mirrors.tuna.tsinghua.edu.cn/dart-pub/"
    source: hosted
    version: "6.0.3"
  qr_code_scanner:
    dependency: "direct main"
    description:
      name: qr_code_scanner
      url: "https://mirrors.tuna.tsinghua.edu.cn/dart-pub/"
    source: hosted
    version: "1.0.0"
  quiver:
    dependency: transitive
    description:
      name: quiver
      url: "https://mirrors.tuna.tsinghua.edu.cn/dart-pub/"
    source: hosted
    version: "3.1.0"
  rxdart:
    dependency: transitive
    description:
      name: rxdart
      url: "https://mirrors.tuna.tsinghua.edu.cn/dart-pub/"
    source: hosted
    version: "0.27.5"
  settings_ui:
    dependency: "direct main"
    description:
      name: settings_ui
      url: "https://mirrors.tuna.tsinghua.edu.cn/dart-pub/"
    source: hosted
    version: "2.0.2"
  shared_preferences:
    dependency: "direct main"
    description:
      name: shared_preferences
      url: "https://mirrors.tuna.tsinghua.edu.cn/dart-pub/"
    source: hosted
    version: "2.0.15"
  shared_preferences_android:
    dependency: transitive
    description:
      name: shared_preferences_android
      url: "https://mirrors.tuna.tsinghua.edu.cn/dart-pub/"
    source: hosted
    version: "2.0.12"
  shared_preferences_ios:
    dependency: transitive
    description:
      name: shared_preferences_ios
      url: "https://mirrors.tuna.tsinghua.edu.cn/dart-pub/"
    source: hosted
    version: "2.1.1"
  shared_preferences_linux:
    dependency: transitive
    description:
      name: shared_preferences_linux
      url: "https://mirrors.tuna.tsinghua.edu.cn/dart-pub/"
    source: hosted
    version: "2.1.1"
  shared_preferences_macos:
    dependency: transitive
    description:
      name: shared_preferences_macos
      url: "https://mirrors.tuna.tsinghua.edu.cn/dart-pub/"
    source: hosted
    version: "2.0.4"
  shared_preferences_platform_interface:
    dependency: transitive
    description:
      name: shared_preferences_platform_interface
      url: "https://mirrors.tuna.tsinghua.edu.cn/dart-pub/"
    source: hosted
    version: "2.0.0"
  shared_preferences_web:
    dependency: transitive
    description:
      name: shared_preferences_web
      url: "https://mirrors.tuna.tsinghua.edu.cn/dart-pub/"
    source: hosted
    version: "2.0.4"
  shared_preferences_windows:
    dependency: transitive
    description:
      name: shared_preferences_windows
      url: "https://mirrors.tuna.tsinghua.edu.cn/dart-pub/"
    source: hosted
    version: "2.1.1"
  sky_engine:
    dependency: transitive
    description: flutter
    source: sdk
    version: "0.0.99"
  source_span:
    dependency: transitive
    description:
      name: source_span
      url: "https://mirrors.tuna.tsinghua.edu.cn/dart-pub/"
    source: hosted
    version: "1.8.2"
  sqflite:
    dependency: transitive
    description:
      name: sqflite
      url: "https://mirrors.tuna.tsinghua.edu.cn/dart-pub/"
    source: hosted
    version: "2.0.3+1"
  sqflite_common:
    dependency: transitive
    description:
      name: sqflite_common
      url: "https://mirrors.tuna.tsinghua.edu.cn/dart-pub/"
    source: hosted
    version: "2.2.1+1"
  stack_trace:
    dependency: transitive
    description:
      name: stack_trace
      url: "https://mirrors.tuna.tsinghua.edu.cn/dart-pub/"
    source: hosted
    version: "1.10.0"
  stream_channel:
    dependency: transitive
    description:
      name: stream_channel
      url: "https://mirrors.tuna.tsinghua.edu.cn/dart-pub/"
    source: hosted
    version: "2.1.0"
  string_scanner:
    dependency: transitive
    description:
      name: string_scanner
      url: "https://mirrors.tuna.tsinghua.edu.cn/dart-pub/"
    source: hosted
    version: "1.1.0"
  synchronized:
    dependency: transitive
    description:
      name: synchronized
      url: "https://mirrors.tuna.tsinghua.edu.cn/dart-pub/"
    source: hosted
    version: "3.0.0+2"
  term_glyph:
    dependency: transitive
    description:
      name: term_glyph
      url: "https://mirrors.tuna.tsinghua.edu.cn/dart-pub/"
    source: hosted
    version: "1.2.0"
  test_api:
    dependency: transitive
    description:
      name: test_api
      url: "https://mirrors.tuna.tsinghua.edu.cn/dart-pub/"
    source: hosted
    version: "0.4.9"
  toggle_switch:
    dependency: "direct main"
    description:
      name: toggle_switch
      url: "https://mirrors.tuna.tsinghua.edu.cn/dart-pub/"
    source: hosted
    version: "1.4.0"
  tuple:
    dependency: "direct main"
    description:
      name: tuple
      url: "https://mirrors.tuna.tsinghua.edu.cn/dart-pub/"
    source: hosted
    version: "2.0.0"
  typed_data:
    dependency: transitive
    description:
      name: typed_data
      url: "https://mirrors.tuna.tsinghua.edu.cn/dart-pub/"
    source: hosted
    version: "1.3.1"
  url_launcher:
    dependency: "direct main"
    description:
      name: url_launcher
      url: "https://mirrors.tuna.tsinghua.edu.cn/dart-pub/"
    source: hosted
    version: "6.1.5"
  url_launcher_android:
    dependency: transitive
    description:
      name: url_launcher_android
      url: "https://mirrors.tuna.tsinghua.edu.cn/dart-pub/"
    source: hosted
    version: "6.0.17"
  url_launcher_ios:
    dependency: transitive
    description:
      name: url_launcher_ios
      url: "https://mirrors.tuna.tsinghua.edu.cn/dart-pub/"
    source: hosted
    version: "6.0.17"
  url_launcher_linux:
    dependency: transitive
    description:
      name: url_launcher_linux
      url: "https://mirrors.tuna.tsinghua.edu.cn/dart-pub/"
    source: hosted
    version: "3.0.1"
  url_launcher_macos:
    dependency: transitive
    description:
      name: url_launcher_macos
      url: "https://mirrors.tuna.tsinghua.edu.cn/dart-pub/"
    source: hosted
    version: "3.0.1"
  url_launcher_platform_interface:
    dependency: transitive
    description:
      name: url_launcher_platform_interface
      url: "https://mirrors.tuna.tsinghua.edu.cn/dart-pub/"
    source: hosted
    version: "2.1.0"
  url_launcher_web:
    dependency: transitive
    description:
      name: url_launcher_web
      url: "https://mirrors.tuna.tsinghua.edu.cn/dart-pub/"
    source: hosted
    version: "2.0.13"
  url_launcher_windows:
    dependency: transitive
    description:
      name: url_launcher_windows
      url: "https://mirrors.tuna.tsinghua.edu.cn/dart-pub/"
    source: hosted
    version: "3.0.1"
  uuid:
    dependency: transitive
    description:
      name: uuid
      url: "https://mirrors.tuna.tsinghua.edu.cn/dart-pub/"
    source: hosted
    version: "3.0.6"
  vector_math:
    dependency: transitive
    description:
      name: vector_math
      url: "https://mirrors.tuna.tsinghua.edu.cn/dart-pub/"
    source: hosted
    version: "2.1.2"
  video_player:
    dependency: transitive
    description:
      name: video_player
      url: "https://mirrors.tuna.tsinghua.edu.cn/dart-pub/"
    source: hosted
    version: "2.4.6"
  video_player_android:
    dependency: transitive
    description:
      name: video_player_android
      url: "https://mirrors.tuna.tsinghua.edu.cn/dart-pub/"
    source: hosted
    version: "2.3.8"
  video_player_avfoundation:
    dependency: transitive
    description:
      name: video_player_avfoundation
      url: "https://mirrors.tuna.tsinghua.edu.cn/dart-pub/"
    source: hosted
    version: "2.3.5"
  video_player_platform_interface:
    dependency: transitive
    description:
      name: video_player_platform_interface
      url: "https://mirrors.tuna.tsinghua.edu.cn/dart-pub/"
    source: hosted
    version: "5.1.4"
  video_player_web:
    dependency: transitive
    description:
      name: video_player_web
      url: "https://mirrors.tuna.tsinghua.edu.cn/dart-pub/"
    source: hosted
    version: "2.0.12"
  wakelock:
    dependency: "direct main"
    description:
      name: wakelock
      url: "https://mirrors.tuna.tsinghua.edu.cn/dart-pub/"
    source: hosted
    version: "0.5.6"
  wakelock_macos:
    dependency: transitive
    description:
      name: wakelock_macos
      url: "https://mirrors.tuna.tsinghua.edu.cn/dart-pub/"
    source: hosted
    version: "0.4.0"
  wakelock_platform_interface:
    dependency: transitive
    description:
      name: wakelock_platform_interface
      url: "https://mirrors.tuna.tsinghua.edu.cn/dart-pub/"
    source: hosted
    version: "0.3.0"
  wakelock_web:
    dependency: transitive
    description:
      name: wakelock_web
      url: "https://mirrors.tuna.tsinghua.edu.cn/dart-pub/"
    source: hosted
    version: "0.4.0"
  wakelock_windows:
    dependency: transitive
    description:
      name: wakelock_windows
      url: "https://mirrors.tuna.tsinghua.edu.cn/dart-pub/"
    source: hosted
    version: "0.2.0"
  win32:
    dependency: transitive
    description:
      name: win32
      url: "https://mirrors.tuna.tsinghua.edu.cn/dart-pub/"
    source: hosted
    version: "2.6.1"
  xdg_directories:
    dependency: transitive
    description:
      name: xdg_directories
      url: "https://mirrors.tuna.tsinghua.edu.cn/dart-pub/"
    source: hosted
    version: "0.2.0+1"
  xml:
    dependency: transitive
    description:
      name: xml
      url: "https://mirrors.tuna.tsinghua.edu.cn/dart-pub/"
    source: hosted
    version: "6.1.0"
  yaml:
    dependency: transitive
    description:
      name: yaml
      url: "https://mirrors.tuna.tsinghua.edu.cn/dart-pub/"
    source: hosted
    version: "3.1.1"
  zxing2:
    dependency: "direct main"
    description:
      name: zxing2
      url: "https://mirrors.tuna.tsinghua.edu.cn/dart-pub/"
    source: hosted
    version: "0.1.0"
sdks:
  dart: ">=2.17.0 <3.0.0"
  flutter: ">=3.0.0"
