# Generated by pub
# See https://dart.dev/tools/pub/glossary#lockfile
packages:
  async:
    dependency: transitive
    description:
      name: async
      url: "https://pub.dartlang.org"
    source: hosted
    version: "2.5.0-nullsafety.1"
  boolean_selector:
    dependency: transitive
    description:
      name: boolean_selector
      url: "https://pub.dartlang.org"
    source: hosted
    version: "2.1.0-nullsafety.1"
  characters:
    dependency: transitive
    description:
      name: characters
      url: "https://pub.dartlang.org"
    source: hosted
    version: "1.1.0-nullsafety.3"
  charcode:
    dependency: transitive
    description:
      name: charcode
      url: "https://pub.dartlang.org"
    source: hosted
    version: "1.2.0-nullsafety.1"
  clock:
    dependency: transitive
    description:
      name: clock
      url: "https://pub.dartlang.org"
    source: hosted
    version: "1.1.0-nullsafety.1"
  collection:
    dependency: transitive
    description:
      name: collection
      url: "https://pub.dartlang.org"
    source: hosted
    version: "1.15.0-nullsafety.3"
  cupertino_icons:
    dependency: "direct main"
    description:
      name: cupertino_icons
      url: "https://pub.dartlang.org"
    source: hosted
    version: "1.0.0"
  fake_async:
    dependency: transitive
    description:
      name: fake_async
      url: "https://pub.dartlang.org"
    source: hosted
    version: "1.2.0-nullsafety.1"
  flutter:
    dependency: "direct main"
    description: flutter
    source: sdk
    version: "0.0.0"
  flutter_test:
    dependency: "direct dev"
    description: flutter
    source: sdk
    version: "0.0.0"
  matcher:
    dependency: transitive
    description:
      name: matcher
      url: "https://pub.dartlang.org"
    source: hosted
    version: "0.12.10-nullsafety.1"
  meta:
    dependency: transitive
    description:
      name: meta
      url: "https://pub.dartlang.org"
    source: hosted
    version: "1.3.0-nullsafety.3"
  path:
    dependency: transitive
    description:
      name: path
      url: "https://pub.dartlang.org"
    source: hosted
    version: "1.8.0-nullsafety.1"
  sky_engine:
    dependency: transitive
    description: flutter
    source: sdk
    version: "0.0.99"
  source_span:
    dependency: transitive
    description:
      name: source_span
      url: "https://pub.dartlang.org"
    source: hosted
    version: "1.8.0-nullsafety.2"
  stack_trace:
    dependency: transitive
    description:
      name: stack_trace
      url: "https://pub.dartlang.org"
    source: hosted
    version: "1.10.0-nullsafety.1"
  stream_channel:
    dependency: transitive
    description:
      name: stream_channel
      url: "https://pub.dartlang.org"
    source: hosted
    version: "2.1.0-nullsafety.1"
  string_scanner:
    dependency: transitive
    description:
      name: string_scanner
      url: "https://pub.dartlang.org"
    source: hosted
    version: "1.1.0-nullsafety.1"
  term_glyph:
    dependency: transitive
    description:
      name: term_glyph
      url: "https://pub.dartlang.org"
    source: hosted
    version: "1.2.0-nullsafety.1"
  test_api:
    dependency: transitive
    description:
      name: test_api
      url: "https://pub.dartlang.org"
    source: hosted
    version: "0.2.19-nullsafety.2"
  typed_data:
    dependency: transitive
    description:
      name: typed_data
      url: "https://pub.dartlang.org"
    source: hosted
    version: "1.3.0-nullsafety.3"
  vector_math:
    dependency: transitive
    description:
      name: vector_math
      url: "https://pub.dartlang.org"
    source: hosted
    version: "2.1.0-nullsafety.3"
sdks:
  dart: ">=2.10.0-110 <2.11.0"
