# This file is generated by running "yarn install" inside your project.
# Manual changes might be lost - proceed with caution!

__metadata:
  version: 6
  cacheKey: 8

"@gar/promisify@npm:^1.1.3":
  version: 1.1.3
  resolution: "@gar/promisify@npm:1.1.3"
  checksum: 4059f790e2d07bf3c3ff3e0fec0daa8144fe35c1f6e0111c9921bd32106adaa97a4ab096ad7dab1e28ee6a9060083c4d1a4ada42a7f5f3f7a96b8812e2b757c1
  languageName: node
  linkType: hard

"@npmcli/fs@npm:^2.1.0":
  version: 2.1.0
  resolution: "@npmcli/fs@npm:2.1.0"
  dependencies:
    "@gar/promisify": ^1.1.3
    semver: ^7.3.5
  checksum: 6ec6d678af6da49f9dac50cd882d7f661934dd278972ffbaacde40d9eaa2871292d634000a0cca9510f6fc29855fbd4af433e1adbff90a524ec3eaf140f1219b
  languageName: node
  linkType: hard

"@npmcli/move-file@npm:^2.0.0":
  version: 2.0.0
  resolution: "@npmcli/move-file@npm:2.0.0"
  dependencies:
    mkdirp: ^1.0.4
    rimraf: ^3.0.2
  checksum: 1388777b507b0c592d53f41b9d182e1a8de7763bc625fc07999b8edbc22325f074e5b3ec90af79c89d6987fdb2325bc66d59f483258543c14a43661621f841b0
  languageName: node
  linkType: hard

"@protobufjs/aspromise@npm:^1.1.1, @protobufjs/aspromise@npm:^1.1.2":
  version: 1.1.2
  resolution: "@protobufjs/aspromise@npm:1.1.2"
  checksum: 011fe7ef0826b0fd1a95935a033a3c0fd08483903e1aa8f8b4e0704e3233406abb9ee25350ec0c20bbecb2aad8da0dcea58b392bbd77d6690736f02c143865d2
  languageName: node
  linkType: hard

"@protobufjs/base64@npm:^1.1.2":
  version: 1.1.2
  resolution: "@protobufjs/base64@npm:1.1.2"
  checksum: 67173ac34de1e242c55da52c2f5bdc65505d82453893f9b51dc74af9fe4c065cf4a657a4538e91b0d4a1a1e0a0642215e31894c31650ff6e3831471061e1ee9e
  languageName: node
  linkType: hard

"@protobufjs/codegen@npm:^2.0.4":
  version: 2.0.4
  resolution: "@protobufjs/codegen@npm:2.0.4"
  checksum: 59240c850b1d3d0b56d8f8098dd04787dcaec5c5bd8de186fa548de86b86076e1c50e80144b90335e705a044edf5bc8b0998548474c2a10a98c7e004a1547e4b
  languageName: node
  linkType: hard

"@protobufjs/eventemitter@npm:^1.1.0":
  version: 1.1.0
  resolution: "@protobufjs/eventemitter@npm:1.1.0"
  checksum: 0369163a3d226851682f855f81413cbf166cd98f131edb94a0f67f79e75342d86e89df9d7a1df08ac28be2bc77e0a7f0200526bb6c2a407abbfee1f0262d5fd7
  languageName: node
  linkType: hard

"@protobufjs/fetch@npm:^1.1.0":
  version: 1.1.0
  resolution: "@protobufjs/fetch@npm:1.1.0"
  dependencies:
    "@protobufjs/aspromise": ^1.1.1
    "@protobufjs/inquire": ^1.1.0
  checksum: 3fce7e09eb3f1171dd55a192066450f65324fd5f7cc01a431df01bb00d0a895e6bfb5b0c5561ce157ee1d886349c90703d10a4e11a1a256418ff591b969b3477
  languageName: node
  linkType: hard

"@protobufjs/float@npm:^1.0.2":
  version: 1.0.2
  resolution: "@protobufjs/float@npm:1.0.2"
  checksum: 5781e1241270b8bd1591d324ca9e3a3128d2f768077a446187a049e36505e91bc4156ed5ac3159c3ce3d2ba3743dbc757b051b2d723eea9cd367bfd54ab29b2f
  languageName: node
  linkType: hard

"@protobufjs/inquire@npm:^1.1.0":
  version: 1.1.0
  resolution: "@protobufjs/inquire@npm:1.1.0"
  checksum: ca06f02eaf65ca36fb7498fc3492b7fc087bfcc85c702bac5b86fad34b692bdce4990e0ef444c1e2aea8c034227bd1f0484be02810d5d7e931c55445555646f4
  languageName: node
  linkType: hard

"@protobufjs/path@npm:^1.1.2":
  version: 1.1.2
  resolution: "@protobufjs/path@npm:1.1.2"
  checksum: 856eeb532b16a7aac071cacde5c5620df800db4c80cee6dbc56380524736205aae21e5ae47739114bf669ab5e8ba0e767a282ad894f3b5e124197cb9224445ee
  languageName: node
  linkType: hard

"@protobufjs/pool@npm:^1.1.0":
  version: 1.1.0
  resolution: "@protobufjs/pool@npm:1.1.0"
  checksum: d6a34fbbd24f729e2a10ee915b74e1d77d52214de626b921b2d77288bd8f2386808da2315080f2905761527cceffe7ec34c7647bd21a5ae41a25e8212ff79451
  languageName: node
  linkType: hard

"@protobufjs/utf8@npm:^1.1.0":
  version: 1.1.0
  resolution: "@protobufjs/utf8@npm:1.1.0"
  checksum: f9bf3163d13aaa3b6f5e6fbf37a116e094ea021c0e1f2a7ccd0e12a29e2ce08dafba4e8b36e13f8ed7397e1591610ce880ed1289af4d66cf4ace8a36a9557278
  languageName: node
  linkType: hard

"@tootallnate/once@npm:2":
  version: 2.0.0
  resolution: "@tootallnate/once@npm:2.0.0"
  checksum: ad87447820dd3f24825d2d947ebc03072b20a42bfc96cbafec16bff8bbda6c1a81fcb0be56d5b21968560c5359a0af4038a68ba150c3e1694fe4c109a063bed8
  languageName: node
  linkType: hard

"@types/long@npm:^4.0.1":
  version: 4.0.1
  resolution: "@types/long@npm:4.0.1"
  checksum: ff9653c33f5000d0f131fd98a950a0343e2e33107dd067a97ac4a3b9678e1a2e39ea44772ad920f54ef6e8f107f76bc92c2584ba905a0dc4253282a4101166d0
  languageName: node
  linkType: hard

"@types/node@npm:>=13.7.0":
  version: 17.0.8
  resolution: "@types/node@npm:17.0.8"
  checksum: f4cadeb9e602027520abc88c77142697e33cf6ac98bb02f8b595a398603cbd33df1f94d01c055c9f13cde0c8eaafc5e396ca72645458d42b4318b845bc7f1d0f
  languageName: node
  linkType: hard

"@types/object-hash@npm:^1.3.0":
  version: 1.3.4
  resolution: "@types/object-hash@npm:1.3.4"
  checksum: fe4aa041427f3c69cbcf63434af6e788329b40d7208b30aa845cfc1aa6bf9b0c11b23fa33a567d85ba7f2574a95c3b4a227f4b9b9b55da1eaea68ab94b4058d9
  languageName: node
  linkType: hard

"abbrev@npm:1":
  version: 1.1.1
  resolution: "abbrev@npm:1.1.1"
  checksum: a4a97ec07d7ea112c517036882b2ac22f3109b7b19077dc656316d07d308438aac28e4d9746dc4d84bf6b1e75b4a7b0a5f3cb30592419f128ca9a8cee3bcfa17
  languageName: node
  linkType: hard

"agent-base@npm:6, agent-base@npm:^6.0.2":
  version: 6.0.2
  resolution: "agent-base@npm:6.0.2"
  dependencies:
    debug: 4
  checksum: f52b6872cc96fd5f622071b71ef200e01c7c4c454ee68bc9accca90c98cfb39f2810e3e9aa330435835eedc8c23f4f8a15267f67c6e245d2b33757575bdac49d
  languageName: node
  linkType: hard

"agentkeepalive@npm:^4.2.1":
  version: 4.2.1
  resolution: "agentkeepalive@npm:4.2.1"
  dependencies:
    debug: ^4.1.0
    depd: ^1.1.2
    humanize-ms: ^1.2.1
  checksum: 39cb49ed8cf217fd6da058a92828a0a84e0b74c35550f82ee0a10e1ee403c4b78ade7948be2279b188b7a7303f5d396ea2738b134731e464bf28de00a4f72a18
  languageName: node
  linkType: hard

"aggregate-error@npm:^3.0.0":
  version: 3.1.0
  resolution: "aggregate-error@npm:3.1.0"
  dependencies:
    clean-stack: ^2.0.0
    indent-string: ^4.0.0
  checksum: 1101a33f21baa27a2fa8e04b698271e64616b886795fd43c31068c07533c7b3facfcaf4e9e0cab3624bd88f729a592f1c901a1a229c9e490eafce411a8644b79
  languageName: node
  linkType: hard

"ansi-regex@npm:^5.0.1":
  version: 5.0.1
  resolution: "ansi-regex@npm:5.0.1"
  checksum: 2aa4bb54caf2d622f1afdad09441695af2a83aa3fe8b8afa581d205e57ed4261c183c4d3877cee25794443fde5876417d859c108078ab788d6af7e4fe52eb66b
  languageName: node
  linkType: hard

"aproba@npm:^1.0.3 || ^2.0.0":
  version: 2.0.0
  resolution: "aproba@npm:2.0.0"
  checksum: 5615cadcfb45289eea63f8afd064ab656006361020e1735112e346593856f87435e02d8dcc7ff0d11928bc7d425f27bc7c2a84f6c0b35ab0ff659c814c138a24
  languageName: node
  linkType: hard

"are-we-there-yet@npm:^3.0.0":
  version: 3.0.0
  resolution: "are-we-there-yet@npm:3.0.0"
  dependencies:
    delegates: ^1.0.0
    readable-stream: ^3.6.0
  checksum: 348edfdd931b0b50868b55402c01c3f64df1d4c229ab6f063539a5025fd6c5f5bb8a0cab409bbed8d75d34762d22aa91b7c20b4204eb8177063158d9ba792981
  languageName: node
  linkType: hard

"balanced-match@npm:^1.0.0":
  version: 1.0.2
  resolution: "balanced-match@npm:1.0.2"
  checksum: 9706c088a283058a8a99e0bf91b0a2f75497f185980d9ffa8b304de1d9e58ebda7c72c07ebf01dadedaac5b2907b2c6f566f660d62bd336c3468e960403b9d65
  languageName: node
  linkType: hard

"brace-expansion@npm:^1.1.7":
  version: 1.1.11
  resolution: "brace-expansion@npm:1.1.11"
  dependencies:
    balanced-match: ^1.0.0
    concat-map: 0.0.1
  checksum: faf34a7bb0c3fcf4b59c7808bc5d2a96a40988addf2e7e09dfbb67a2251800e0d14cd2bfc1aa79174f2f5095c54ff27f46fb1289fe2d77dac755b5eb3434cc07
  languageName: node
  linkType: hard

"brace-expansion@npm:^2.0.1":
  version: 2.0.1
  resolution: "brace-expansion@npm:2.0.1"
  dependencies:
    balanced-match: ^1.0.0
  checksum: a61e7cd2e8a8505e9f0036b3b6108ba5e926b4b55089eeb5550cd04a471fe216c96d4fe7e4c7f995c728c554ae20ddfc4244cad10aef255e72b62930afd233d1
  languageName: node
  linkType: hard

"cacache@npm:^16.0.2":
  version: 16.0.7
  resolution: "cacache@npm:16.0.7"
  dependencies:
    "@npmcli/fs": ^2.1.0
    "@npmcli/move-file": ^2.0.0
    chownr: ^2.0.0
    fs-minipass: ^2.1.0
    glob: ^8.0.1
    infer-owner: ^1.0.4
    lru-cache: ^7.7.1
    minipass: ^3.1.6
    minipass-collect: ^1.0.2
    minipass-flush: ^1.0.5
    minipass-pipeline: ^1.2.4
    mkdirp: ^1.0.4
    p-map: ^4.0.0
    promise-inflight: ^1.0.1
    rimraf: ^3.0.2
    ssri: ^9.0.0
    tar: ^6.1.11
    unique-filename: ^1.1.1
  checksum: 2155b099b7e0f0369fb1155ca4673532ca7efe2ebdbec63acca8743580b8446b5d4fd7184626b1cb059001af77b981cdc67035c7855544d365d4f048eafca2ca
  languageName: node
  linkType: hard

"chownr@npm:^2.0.0":
  version: 2.0.0
  resolution: "chownr@npm:2.0.0"
  checksum: c57cf9dd0791e2f18a5ee9c1a299ae6e801ff58fee96dc8bfd0dcb4738a6ce58dd252a3605b1c93c6418fe4f9d5093b28ffbf4d66648cb2a9c67eaef9679be2f
  languageName: node
  linkType: hard

"clean-stack@npm:^2.0.0":
  version: 2.2.0
  resolution: "clean-stack@npm:2.2.0"
  checksum: 2ac8cd2b2f5ec986a3c743935ec85b07bc174d5421a5efc8017e1f146a1cf5f781ae962618f416352103b32c9cd7e203276e8c28241bbe946160cab16149fb68
  languageName: node
  linkType: hard

"color-support@npm:^1.1.3":
  version: 1.1.3
  resolution: "color-support@npm:1.1.3"
  bin:
    color-support: bin.js
  checksum: 9b7356817670b9a13a26ca5af1c21615463b500783b739b7634a0c2047c16cef4b2865d7576875c31c3cddf9dd621fa19285e628f20198b233a5cfdda6d0793b
  languageName: node
  linkType: hard

"concat-map@npm:0.0.1":
  version: 0.0.1
  resolution: "concat-map@npm:0.0.1"
  checksum: 902a9f5d8967a3e2faf138d5cb784b9979bad2e6db5357c5b21c568df4ebe62bcb15108af1b2253744844eb964fc023fbd9afbbbb6ddd0bcc204c6fb5b7bf3af
  languageName: node
  linkType: hard

"console-control-strings@npm:^1.1.0":
  version: 1.1.0
  resolution: "console-control-strings@npm:1.1.0"
  checksum: 8755d76787f94e6cf79ce4666f0c5519906d7f5b02d4b884cf41e11dcd759ed69c57da0670afd9236d229a46e0f9cf519db0cd829c6dca820bb5a5c3def584ed
  languageName: node
  linkType: hard

"dataloader@npm:^1.4.0":
  version: 1.4.0
  resolution: "dataloader@npm:1.4.0"
  checksum: e2c93d43afde68980efc0cd9ff48e9851116e27a9687f863e02b56d46f7e7868cc762cd6dcbaf4197e1ca850a03651510c165c2ae24b8e9843fd894002ad0e20
  languageName: node
  linkType: hard

"debug@npm:4, debug@npm:^4.1.0, debug@npm:^4.3.3":
  version: 4.3.4
  resolution: "debug@npm:4.3.4"
  dependencies:
    ms: 2.1.2
  peerDependenciesMeta:
    supports-color:
      optional: true
  checksum: 3dbad3f94ea64f34431a9cbf0bafb61853eda57bff2880036153438f50fb5a84f27683ba0d8e5426bf41a8c6ff03879488120cf5b3a761e77953169c0600a708
  languageName: node
  linkType: hard

"delegates@npm:^1.0.0":
  version: 1.0.0
  resolution: "delegates@npm:1.0.0"
  checksum: a51744d9b53c164ba9c0492471a1a2ffa0b6727451bdc89e31627fdf4adda9d51277cfcbfb20f0a6f08ccb3c436f341df3e92631a3440226d93a8971724771fd
  languageName: node
  linkType: hard

"depd@npm:^1.1.2":
  version: 1.1.2
  resolution: "depd@npm:1.1.2"
  checksum: 6b406620d269619852885ce15965272b829df6f409724415e0002c8632ab6a8c0a08ec1f0bd2add05dc7bd7507606f7e2cc034fa24224ab829580040b835ecd9
  languageName: node
  linkType: hard

"emoji-regex@npm:^8.0.0":
  version: 8.0.0
  resolution: "emoji-regex@npm:8.0.0"
  checksum: d4c5c39d5a9868b5fa152f00cada8a936868fd3367f33f71be515ecee4c803132d11b31a6222b2571b1e5f7e13890156a94880345594d0ce7e3c9895f560f192
  languageName: node
  linkType: hard

"encoding@npm:^0.1.13":
  version: 0.1.13
  resolution: "encoding@npm:0.1.13"
  dependencies:
    iconv-lite: ^0.6.2
  checksum: bb98632f8ffa823996e508ce6a58ffcf5856330fde839ae42c9e1f436cc3b5cc651d4aeae72222916545428e54fd0f6aa8862fd8d25bdbcc4589f1e3f3715e7f
  languageName: node
  linkType: hard

"env-paths@npm:^2.2.0":
  version: 2.2.1
  resolution: "env-paths@npm:2.2.1"
  checksum: 65b5df55a8bab92229ab2b40dad3b387fad24613263d103a97f91c9fe43ceb21965cd3392b1ccb5d77088021e525c4e0481adb309625d0cb94ade1d1fb8dc17e
  languageName: node
  linkType: hard

"err-code@npm:^2.0.2":
  version: 2.0.3
  resolution: "err-code@npm:2.0.3"
  checksum: 8b7b1be20d2de12d2255c0bc2ca638b7af5171142693299416e6a9339bd7d88fc8d7707d913d78e0993176005405a236b066b45666b27b797252c771156ace54
  languageName: node
  linkType: hard

"esbuild-android-arm64@npm:0.13.15":
  version: 0.13.15
  resolution: "esbuild-android-arm64@npm:0.13.15"
  conditions: os=android & cpu=arm64
  languageName: node
  linkType: hard

"esbuild-darwin-64@npm:0.13.15":
  version: 0.13.15
  resolution: "esbuild-darwin-64@npm:0.13.15"
  conditions: os=darwin & cpu=x64
  languageName: node
  linkType: hard

"esbuild-darwin-arm64@npm:0.13.15":
  version: 0.13.15
  resolution: "esbuild-darwin-arm64@npm:0.13.15"
  conditions: os=darwin & cpu=arm64
  languageName: node
  linkType: hard

"esbuild-freebsd-64@npm:0.13.15":
  version: 0.13.15
  resolution: "esbuild-freebsd-64@npm:0.13.15"
  conditions: os=freebsd & cpu=x64
  languageName: node
  linkType: hard

"esbuild-freebsd-arm64@npm:0.13.15":
  version: 0.13.15
  resolution: "esbuild-freebsd-arm64@npm:0.13.15"
  conditions: os=freebsd & cpu=arm64
  languageName: node
  linkType: hard

"esbuild-linux-32@npm:0.13.15":
  version: 0.13.15
  resolution: "esbuild-linux-32@npm:0.13.15"
  conditions: os=linux & cpu=ia32
  languageName: node
  linkType: hard

"esbuild-linux-64@npm:0.13.15":
  version: 0.13.15
  resolution: "esbuild-linux-64@npm:0.13.15"
  conditions: os=linux & cpu=x64
  languageName: node
  linkType: hard

"esbuild-linux-arm64@npm:0.13.15":
  version: 0.13.15
  resolution: "esbuild-linux-arm64@npm:0.13.15"
  conditions: os=linux & cpu=arm64
  languageName: node
  linkType: hard

"esbuild-linux-arm@npm:0.13.15":
  version: 0.13.15
  resolution: "esbuild-linux-arm@npm:0.13.15"
  conditions: os=linux & cpu=arm
  languageName: node
  linkType: hard

"esbuild-linux-mips64le@npm:0.13.15":
  version: 0.13.15
  resolution: "esbuild-linux-mips64le@npm:0.13.15"
  conditions: os=linux & cpu=mips64el
  languageName: node
  linkType: hard

"esbuild-linux-ppc64le@npm:0.13.15":
  version: 0.13.15
  resolution: "esbuild-linux-ppc64le@npm:0.13.15"
  conditions: os=linux & cpu=ppc64
  languageName: node
  linkType: hard

"esbuild-netbsd-64@npm:0.13.15":
  version: 0.13.15
  resolution: "esbuild-netbsd-64@npm:0.13.15"
  conditions: os=netbsd & cpu=x64
  languageName: node
  linkType: hard

"esbuild-openbsd-64@npm:0.13.15":
  version: 0.13.15
  resolution: "esbuild-openbsd-64@npm:0.13.15"
  conditions: os=openbsd & cpu=x64
  languageName: node
  linkType: hard

"esbuild-sunos-64@npm:0.13.15":
  version: 0.13.15
  resolution: "esbuild-sunos-64@npm:0.13.15"
  conditions: os=sunos & cpu=x64
  languageName: node
  linkType: hard

"esbuild-windows-32@npm:0.13.15":
  version: 0.13.15
  resolution: "esbuild-windows-32@npm:0.13.15"
  conditions: os=win32 & cpu=ia32
  languageName: node
  linkType: hard

"esbuild-windows-64@npm:0.13.15":
  version: 0.13.15
  resolution: "esbuild-windows-64@npm:0.13.15"
  conditions: os=win32 & cpu=x64
  languageName: node
  linkType: hard

"esbuild-windows-arm64@npm:0.13.15":
  version: 0.13.15
  resolution: "esbuild-windows-arm64@npm:0.13.15"
  conditions: os=win32 & cpu=arm64
  languageName: node
  linkType: hard

"esbuild@npm:^0.13.12":
  version: 0.13.15
  resolution: "esbuild@npm:0.13.15"
  dependencies:
    esbuild-android-arm64: 0.13.15
    esbuild-darwin-64: 0.13.15
    esbuild-darwin-arm64: 0.13.15
    esbuild-freebsd-64: 0.13.15
    esbuild-freebsd-arm64: 0.13.15
    esbuild-linux-32: 0.13.15
    esbuild-linux-64: 0.13.15
    esbuild-linux-arm: 0.13.15
    esbuild-linux-arm64: 0.13.15
    esbuild-linux-mips64le: 0.13.15
    esbuild-linux-ppc64le: 0.13.15
    esbuild-netbsd-64: 0.13.15
    esbuild-openbsd-64: 0.13.15
    esbuild-sunos-64: 0.13.15
    esbuild-windows-32: 0.13.15
    esbuild-windows-64: 0.13.15
    esbuild-windows-arm64: 0.13.15
  dependenciesMeta:
    esbuild-android-arm64:
      optional: true
    esbuild-darwin-64:
      optional: true
    esbuild-darwin-arm64:
      optional: true
    esbuild-freebsd-64:
      optional: true
    esbuild-freebsd-arm64:
      optional: true
    esbuild-linux-32:
      optional: true
    esbuild-linux-64:
      optional: true
    esbuild-linux-arm:
      optional: true
    esbuild-linux-arm64:
      optional: true
    esbuild-linux-mips64le:
      optional: true
    esbuild-linux-ppc64le:
      optional: true
    esbuild-netbsd-64:
      optional: true
    esbuild-openbsd-64:
      optional: true
    esbuild-sunos-64:
      optional: true
    esbuild-windows-32:
      optional: true
    esbuild-windows-64:
      optional: true
    esbuild-windows-arm64:
      optional: true
  bin:
    esbuild: bin/esbuild
  checksum: d5fac8f28a6328592e45f9d49a7e98420cf2c2a3ff5a753bbf011ab79bcb5c062209ef862d3ae0875d8f2a50d40c112b0224e8b419a7cbffc6e2b02cee11ef7e
  languageName: node
  linkType: hard

"fast-sha256@npm:^1.3.0":
  version: 1.3.0
  resolution: "fast-sha256@npm:1.3.0"
  checksum: 2b0bea7d3a9955e67abd2d3fbef4ce57f7dbb75708fc206d14973bd1d97aaf35b5c0a59c1d65be6f755df43d73b7657b9eac4fb3c2d58e6849966db1ef1fa186
  languageName: node
  linkType: hard

"fs-minipass@npm:^2.0.0, fs-minipass@npm:^2.1.0":
  version: 2.1.0
  resolution: "fs-minipass@npm:2.1.0"
  dependencies:
    minipass: ^3.0.0
  checksum: 1b8d128dae2ac6cc94230cc5ead341ba3e0efaef82dab46a33d171c044caaa6ca001364178d42069b2809c35a1c3c35079a32107c770e9ffab3901b59af8c8b1
  languageName: node
  linkType: hard

"fs.realpath@npm:^1.0.0":
  version: 1.0.0
  resolution: "fs.realpath@npm:1.0.0"
  checksum: 99ddea01a7e75aa276c250a04eedeffe5662bce66c65c07164ad6264f9de18fb21be9433ead460e54cff20e31721c811f4fb5d70591799df5f85dce6d6746fd0
  languageName: node
  linkType: hard

"fsevents@npm:~2.3.2":
  version: 2.3.2
  resolution: "fsevents@npm:2.3.2"
  dependencies:
    node-gyp: latest
  checksum: 97ade64e75091afee5265e6956cb72ba34db7819b4c3e94c431d4be2b19b8bb7a2d4116da417950c3425f17c8fe693d25e20212cac583ac1521ad066b77ae31f
  conditions: os=darwin
  languageName: node
  linkType: hard

"fsevents@patch:fsevents@~2.3.2#~builtin<compat/fsevents>":
  version: 2.3.2
  resolution: "fsevents@patch:fsevents@npm%3A2.3.2#~builtin<compat/fsevents>::version=2.3.2&hash=18f3a7"
  dependencies:
    node-gyp: latest
  conditions: os=darwin
  languageName: node
  linkType: hard

"function-bind@npm:^1.1.1":
  version: 1.1.1
  resolution: "function-bind@npm:1.1.1"
  checksum: b32fbaebb3f8ec4969f033073b43f5c8befbb58f1a79e12f1d7490358150359ebd92f49e72ff0144f65f2c48ea2a605bff2d07965f548f6474fd8efd95bf361a
  languageName: node
  linkType: hard

"gauge@npm:^4.0.3":
  version: 4.0.4
  resolution: "gauge@npm:4.0.4"
  dependencies:
    aproba: ^1.0.3 || ^2.0.0
    color-support: ^1.1.3
    console-control-strings: ^1.1.0
    has-unicode: ^2.0.1
    signal-exit: ^3.0.7
    string-width: ^4.2.3
    strip-ansi: ^6.0.1
    wide-align: ^1.1.5
  checksum: 788b6bfe52f1dd8e263cda800c26ac0ca2ff6de0b6eee2fe0d9e3abf15e149b651bd27bf5226be10e6e3edb5c4e5d5985a5a1a98137e7a892f75eff76467ad2d
  languageName: node
  linkType: hard

"glob@npm:^7.1.3, glob@npm:^7.1.4":
  version: 7.2.3
  resolution: "glob@npm:7.2.3"
  dependencies:
    fs.realpath: ^1.0.0
    inflight: ^1.0.4
    inherits: 2
    minimatch: ^3.1.1
    once: ^1.3.0
    path-is-absolute: ^1.0.0
  checksum: 29452e97b38fa704dabb1d1045350fb2467cf0277e155aa9ff7077e90ad81d1ea9d53d3ee63bd37c05b09a065e90f16aec4a65f5b8de401d1dac40bc5605d133
  languageName: node
  linkType: hard

"glob@npm:^8.0.1":
  version: 8.0.3
  resolution: "glob@npm:8.0.3"
  dependencies:
    fs.realpath: ^1.0.0
    inflight: ^1.0.4
    inherits: 2
    minimatch: ^5.0.1
    once: ^1.3.0
  checksum: 50bcdea19d8e79d8de5f460b1939ffc2b3299eac28deb502093fdca22a78efebc03e66bf54f0abc3d3d07d8134d19a32850288b7440d77e072aa55f9d33b18c5
  languageName: node
  linkType: hard

"graceful-fs@npm:^4.2.6":
  version: 4.2.10
  resolution: "graceful-fs@npm:4.2.10"
  checksum: 3f109d70ae123951905d85032ebeae3c2a5a7a997430df00ea30df0e3a6c60cf6689b109654d6fdacd28810a053348c4d14642da1d075049e6be1ba5216218da
  languageName: node
  linkType: hard

"has-unicode@npm:^2.0.1":
  version: 2.0.1
  resolution: "has-unicode@npm:2.0.1"
  checksum: 1eab07a7436512db0be40a710b29b5dc21fa04880b7f63c9980b706683127e3c1b57cb80ea96d47991bdae2dfe479604f6a1ba410106ee1046a41d1bd0814400
  languageName: node
  linkType: hard

"has@npm:^1.0.3":
  version: 1.0.3
  resolution: "has@npm:1.0.3"
  dependencies:
    function-bind: ^1.1.1
  checksum: b9ad53d53be4af90ce5d1c38331e712522417d017d5ef1ebd0507e07c2fbad8686fffb8e12ddecd4c39ca9b9b47431afbb975b8abf7f3c3b82c98e9aad052792
  languageName: node
  linkType: hard

"http-cache-semantics@npm:^4.1.0":
  version: 4.1.0
  resolution: "http-cache-semantics@npm:4.1.0"
  checksum: 974de94a81c5474be07f269f9fd8383e92ebb5a448208223bfb39e172a9dbc26feff250192ecc23b9593b3f92098e010406b0f24bd4d588d631f80214648ed42
  languageName: node
  linkType: hard

"http-proxy-agent@npm:^5.0.0":
  version: 5.0.0
  resolution: "http-proxy-agent@npm:5.0.0"
  dependencies:
    "@tootallnate/once": 2
    agent-base: 6
    debug: 4
  checksum: e2ee1ff1656a131953839b2a19cd1f3a52d97c25ba87bd2559af6ae87114abf60971e498021f9b73f9fd78aea8876d1fb0d4656aac8a03c6caa9fc175f22b786
  languageName: node
  linkType: hard

"https-proxy-agent@npm:^5.0.0":
  version: 5.0.1
  resolution: "https-proxy-agent@npm:5.0.1"
  dependencies:
    agent-base: 6
    debug: 4
  checksum: 571fccdf38184f05943e12d37d6ce38197becdd69e58d03f43637f7fa1269cf303a7d228aa27e5b27bbd3af8f09fd938e1c91dcfefff2df7ba77c20ed8dfc765
  languageName: node
  linkType: hard

"humanize-ms@npm:^1.2.1":
  version: 1.2.1
  resolution: "humanize-ms@npm:1.2.1"
  dependencies:
    ms: ^2.0.0
  checksum: 9c7a74a2827f9294c009266c82031030eae811ca87b0da3dceb8d6071b9bde22c9f3daef0469c3c533cc67a97d8a167cd9fc0389350e5f415f61a79b171ded16
  languageName: node
  linkType: hard

"iconv-lite@npm:^0.6.2":
  version: 0.6.3
  resolution: "iconv-lite@npm:0.6.3"
  dependencies:
    safer-buffer: ">= 2.1.2 < 3.0.0"
  checksum: 3f60d47a5c8fc3313317edfd29a00a692cc87a19cac0159e2ce711d0ebc9019064108323b5e493625e25594f11c6236647d8e256fbe7a58f4a3b33b89e6d30bf
  languageName: node
  linkType: hard

"imurmurhash@npm:^0.1.4":
  version: 0.1.4
  resolution: "imurmurhash@npm:0.1.4"
  checksum: 7cae75c8cd9a50f57dadd77482359f659eaebac0319dd9368bcd1714f55e65badd6929ca58569da2b6494ef13fdd5598cd700b1eba23f8b79c5f19d195a3ecf7
  languageName: node
  linkType: hard

"indent-string@npm:^4.0.0":
  version: 4.0.0
  resolution: "indent-string@npm:4.0.0"
  checksum: 824cfb9929d031dabf059bebfe08cf3137365e112019086ed3dcff6a0a7b698cb80cf67ccccde0e25b9e2d7527aa6cc1fed1ac490c752162496caba3e6699612
  languageName: node
  linkType: hard

"infer-owner@npm:^1.0.4":
  version: 1.0.4
  resolution: "infer-owner@npm:1.0.4"
  checksum: 181e732764e4a0611576466b4b87dac338972b839920b2a8cde43642e4ed6bd54dc1fb0b40874728f2a2df9a1b097b8ff83b56d5f8f8e3927f837fdcb47d8a89
  languageName: node
  linkType: hard

"inflight@npm:^1.0.4":
  version: 1.0.6
  resolution: "inflight@npm:1.0.6"
  dependencies:
    once: ^1.3.0
    wrappy: 1
  checksum: f4f76aa072ce19fae87ce1ef7d221e709afb59d445e05d47fba710e85470923a75de35bfae47da6de1b18afc3ce83d70facf44cfb0aff89f0a3f45c0a0244dfd
  languageName: node
  linkType: hard

"inherits@npm:2, inherits@npm:^2.0.3":
  version: 2.0.4
  resolution: "inherits@npm:2.0.4"
  checksum: 4a48a733847879d6cf6691860a6b1e3f0f4754176e4d71494c41f3475553768b10f84b5ce1d40fbd0e34e6bfbb864ee35858ad4dd2cf31e02fc4a154b724d7f1
  languageName: node
  linkType: hard

"ip@npm:^1.1.5":
  version: 1.1.8
  resolution: "ip@npm:1.1.8"
  checksum: a2ade53eb339fb0cbe9e69a44caab10d6e3784662285eb5d2677117ee4facc33a64679051c35e0dfdb1a3983a51ce2f5d2cb36446d52e10d01881789b76e28fb
  languageName: node
  linkType: hard

"is-core-module@npm:^2.8.0":
  version: 2.8.1
  resolution: "is-core-module@npm:2.8.1"
  dependencies:
    has: ^1.0.3
  checksum: 418b7bc10768a73c41c7ef497e293719604007f88934a6ffc5f7c78702791b8528102fb4c9e56d006d69361549b3d9519440214a74aefc7e0b79e5e4411d377f
  languageName: node
  linkType: hard

"is-fullwidth-code-point@npm:^3.0.0":
  version: 3.0.0
  resolution: "is-fullwidth-code-point@npm:3.0.0"
  checksum: 44a30c29457c7fb8f00297bce733f0a64cd22eca270f83e58c105e0d015e45c019491a4ab2faef91ab51d4738c670daff901c799f6a700e27f7314029e99e348
  languageName: node
  linkType: hard

"is-lambda@npm:^1.0.1":
  version: 1.0.1
  resolution: "is-lambda@npm:1.0.1"
  checksum: 93a32f01940220532e5948538699ad610d5924ac86093fcee83022252b363eb0cc99ba53ab084a04e4fb62bf7b5731f55496257a4c38adf87af9c4d352c71c35
  languageName: node
  linkType: hard

"isexe@npm:^2.0.0":
  version: 2.0.0
  resolution: "isexe@npm:2.0.0"
  checksum: 26bf6c5480dda5161c820c5b5c751ae1e766c587b1f951ea3fcfc973bafb7831ae5b54a31a69bd670220e42e99ec154475025a468eae58ea262f813fdc8d1c62
  languageName: node
  linkType: hard

"libsodium-wrappers@npm:^0.7.9":
  version: 0.7.9
  resolution: "libsodium-wrappers@npm:0.7.9"
  dependencies:
    libsodium: ^0.7.0
  checksum: b5b1b9e1b4aa5662e07df244934125f9e3cd2ba7fe0ec45191a5ffc822d22f4d2f6e09e42d91c30c4f48ca0c7f810a176fdf5e32eed6722d7d82a2a719459f56
  languageName: node
  linkType: hard

"libsodium@npm:^0.7.0, libsodium@npm:^0.7.9":
  version: 0.7.9
  resolution: "libsodium@npm:0.7.9"
  checksum: 1c922c9972cf97ddb7207ee4f810dd291e0610dd57ea0e47f2343968392546aaa629945a2fb39ae5f19d067f6ed0bb7330f32cc9a680a847a662e9a210ce7bfb
  languageName: node
  linkType: hard

"lodash@npm:^4.17.15":
  version: 4.17.21
  resolution: "lodash@npm:4.17.21"
  checksum: eb835a2e51d381e561e508ce932ea50a8e5a68f4ebdd771ea240d3048244a8d13658acbd502cd4829768c56f2e16bdd4340b9ea141297d472517b83868e677f7
  languageName: node
  linkType: hard

"long@npm:^4.0.0":
  version: 4.0.0
  resolution: "long@npm:4.0.0"
  checksum: 16afbe8f749c7c849db1f4de4e2e6a31ac6e617cead3bdc4f9605cb703cd20e1e9fc1a7baba674ffcca57d660a6e5b53a9e236d7b25a295d3855cca79cc06744
  languageName: node
  linkType: hard

"lru-cache@npm:^6.0.0":
  version: 6.0.0
  resolution: "lru-cache@npm:6.0.0"
  dependencies:
    yallist: ^4.0.0
  checksum: f97f499f898f23e4585742138a22f22526254fdba6d75d41a1c2526b3b6cc5747ef59c5612ba7375f42aca4f8461950e925ba08c991ead0651b4918b7c978297
  languageName: node
  linkType: hard

"lru-cache@npm:^7.7.1":
  version: 7.10.1
  resolution: "lru-cache@npm:7.10.1"
  checksum: e8b190d71ed0fcd7b29c71a3e9b01f851c92d1ef8865ff06b5581ca991db1e5e006920ed4da8b56da1910664ed51abfd76c46fb55e82ac252ff6c970ff910d72
  languageName: node
  linkType: hard

"make-fetch-happen@npm:^10.0.3":
  version: 10.1.3
  resolution: "make-fetch-happen@npm:10.1.3"
  dependencies:
    agentkeepalive: ^4.2.1
    cacache: ^16.0.2
    http-cache-semantics: ^4.1.0
    http-proxy-agent: ^5.0.0
    https-proxy-agent: ^5.0.0
    is-lambda: ^1.0.1
    lru-cache: ^7.7.1
    minipass: ^3.1.6
    minipass-collect: ^1.0.2
    minipass-fetch: ^2.0.3
    minipass-flush: ^1.0.5
    minipass-pipeline: ^1.2.4
    negotiator: ^0.6.3
    promise-retry: ^2.0.1
    socks-proxy-agent: ^6.1.1
    ssri: ^9.0.0
  checksum: 14b9bc5fb65a1a1f53b4579c947d1ebdb18db71eb0b35a2eab612e9642a14127917528fe4ffb2c37aaa0d27dfd7507e4044e6e2e47b43985e8fa18722f535b8f
  languageName: node
  linkType: hard

"minimatch@npm:^3.1.1":
  version: 3.1.2
  resolution: "minimatch@npm:3.1.2"
  dependencies:
    brace-expansion: ^1.1.7
  checksum: c154e566406683e7bcb746e000b84d74465b3a832c45d59912b9b55cd50dee66e5c4b1e5566dba26154040e51672f9aa450a9aef0c97cfc7336b78b7afb9540a
  languageName: node
  linkType: hard

"minimatch@npm:^5.0.1":
  version: 5.1.0
  resolution: "minimatch@npm:5.1.0"
  dependencies:
    brace-expansion: ^2.0.1
  checksum: 15ce53d31a06361e8b7a629501b5c75491bc2b59712d53e802b1987121d91b433d73fcc5be92974fde66b2b51d8fb28d75a9ae900d249feb792bb1ba2a4f0a90
  languageName: node
  linkType: hard

"minipass-collect@npm:^1.0.2":
  version: 1.0.2
  resolution: "minipass-collect@npm:1.0.2"
  dependencies:
    minipass: ^3.0.0
  checksum: 14df761028f3e47293aee72888f2657695ec66bd7d09cae7ad558da30415fdc4752bbfee66287dcc6fd5e6a2fa3466d6c484dc1cbd986525d9393b9523d97f10
  languageName: node
  linkType: hard

"minipass-fetch@npm:^2.0.3":
  version: 2.1.0
  resolution: "minipass-fetch@npm:2.1.0"
  dependencies:
    encoding: ^0.1.13
    minipass: ^3.1.6
    minipass-sized: ^1.0.3
    minizlib: ^2.1.2
  dependenciesMeta:
    encoding:
      optional: true
  checksum: 1334732859a3f7959ed22589bafd9c40384b885aebb5932328071c33f86b3eb181d54c86919675d1825ab5f1c8e4f328878c863873258d113c29d79a4b0c9c9f
  languageName: node
  linkType: hard

"minipass-flush@npm:^1.0.5":
  version: 1.0.5
  resolution: "minipass-flush@npm:1.0.5"
  dependencies:
    minipass: ^3.0.0
  checksum: 56269a0b22bad756a08a94b1ffc36b7c9c5de0735a4dd1ab2b06c066d795cfd1f0ac44a0fcae13eece5589b908ecddc867f04c745c7009be0b566421ea0944cf
  languageName: node
  linkType: hard

"minipass-pipeline@npm:^1.2.4":
  version: 1.2.4
  resolution: "minipass-pipeline@npm:1.2.4"
  dependencies:
    minipass: ^3.0.0
  checksum: b14240dac0d29823c3d5911c286069e36d0b81173d7bdf07a7e4a91ecdef92cdff4baaf31ea3746f1c61e0957f652e641223970870e2353593f382112257971b
  languageName: node
  linkType: hard

"minipass-sized@npm:^1.0.3":
  version: 1.0.3
  resolution: "minipass-sized@npm:1.0.3"
  dependencies:
    minipass: ^3.0.0
  checksum: 79076749fcacf21b5d16dd596d32c3b6bf4d6e62abb43868fac21674078505c8b15eaca4e47ed844985a4514854f917d78f588fcd029693709417d8f98b2bd60
  languageName: node
  linkType: hard

"minipass@npm:^3.0.0, minipass@npm:^3.1.1, minipass@npm:^3.1.6":
  version: 3.1.6
  resolution: "minipass@npm:3.1.6"
  dependencies:
    yallist: ^4.0.0
  checksum: 57a04041413a3531a65062452cb5175f93383ef245d6f4a2961d34386eb9aa8ac11ac7f16f791f5e8bbaf1dfb1ef01596870c88e8822215db57aa591a5bb0a77
  languageName: node
  linkType: hard

"minizlib@npm:^2.1.1, minizlib@npm:^2.1.2":
  version: 2.1.2
  resolution: "minizlib@npm:2.1.2"
  dependencies:
    minipass: ^3.0.0
    yallist: ^4.0.0
  checksum: f1fdeac0b07cf8f30fcf12f4b586795b97be856edea22b5e9072707be51fc95d41487faec3f265b42973a304fe3a64acd91a44a3826a963e37b37bafde0212c3
  languageName: node
  linkType: hard

"mkdirp@npm:^1.0.3, mkdirp@npm:^1.0.4":
  version: 1.0.4
  resolution: "mkdirp@npm:1.0.4"
  bin:
    mkdirp: bin/cmd.js
  checksum: a96865108c6c3b1b8e1d5e9f11843de1e077e57737602de1b82030815f311be11f96f09cce59bd5b903d0b29834733e5313f9301e3ed6d6f6fba2eae0df4298f
  languageName: node
  linkType: hard

"ms@npm:2.1.2":
  version: 2.1.2
  resolution: "ms@npm:2.1.2"
  checksum: 673cdb2c3133eb050c745908d8ce632ed2c02d85640e2edb3ace856a2266a813b30c613569bf3354fdf4ea7d1a1494add3bfa95e2713baa27d0c2c71fc44f58f
  languageName: node
  linkType: hard

"ms@npm:^2.0.0":
  version: 2.1.3
  resolution: "ms@npm:2.1.3"
  checksum: aa92de608021b242401676e35cfa5aa42dd70cbdc082b916da7fb925c542173e36bce97ea3e804923fe92c0ad991434e4a38327e15a1b5b5f945d66df615ae6d
  languageName: node
  linkType: hard

"nanoid@npm:^3.1.30":
  version: 3.2.0
  resolution: "nanoid@npm:3.2.0"
  bin:
    nanoid: bin/nanoid.cjs
  checksum: 3d1d5a69fea84e538057cf64106e713931c4ef32af344068ecff153ff91252f39b0f2b472e09b0dfff43ac3cf520c92938d90e6455121fe93976e23660f4fccc
  languageName: node
  linkType: hard

"negotiator@npm:^0.6.3":
  version: 0.6.3
  resolution: "negotiator@npm:0.6.3"
  checksum: b8ffeb1e262eff7968fc90a2b6767b04cfd9842582a9d0ece0af7049537266e7b2506dfb1d107a32f06dd849ab2aea834d5830f7f4d0e5cb7d36e1ae55d021d9
  languageName: node
  linkType: hard

"node-gyp@npm:latest":
  version: 9.0.0
  resolution: "node-gyp@npm:9.0.0"
  dependencies:
    env-paths: ^2.2.0
    glob: ^7.1.4
    graceful-fs: ^4.2.6
    make-fetch-happen: ^10.0.3
    nopt: ^5.0.0
    npmlog: ^6.0.0
    rimraf: ^3.0.2
    semver: ^7.3.5
    tar: ^6.1.2
    which: ^2.0.2
  bin:
    node-gyp: bin/node-gyp.js
  checksum: 4d8ef8860f7e4f4d86c91db3f519d26ed5cc23b48fe54543e2afd86162b4acbd14f21de42a5db344525efb69a991e021b96a68c70c6e2d5f4a5cb770793da6d3
  languageName: node
  linkType: hard

"nopt@npm:^5.0.0":
  version: 5.0.0
  resolution: "nopt@npm:5.0.0"
  dependencies:
    abbrev: 1
  bin:
    nopt: bin/nopt.js
  checksum: d35fdec187269503843924e0114c0c6533fb54bbf1620d0f28b4b60ba01712d6687f62565c55cc20a504eff0fbe5c63e22340c3fad549ad40469ffb611b04f2f
  languageName: node
  linkType: hard

"npmlog@npm:^6.0.0":
  version: 6.0.2
  resolution: "npmlog@npm:6.0.2"
  dependencies:
    are-we-there-yet: ^3.0.0
    console-control-strings: ^1.1.0
    gauge: ^4.0.3
    set-blocking: ^2.0.0
  checksum: ae238cd264a1c3f22091cdd9e2b106f684297d3c184f1146984ecbe18aaa86343953f26b9520dedd1b1372bc0316905b736c1932d778dbeb1fcf5a1001390e2a
  languageName: node
  linkType: hard

"object-hash@npm:^1.3.1":
  version: 1.3.1
  resolution: "object-hash@npm:1.3.1"
  checksum: fdcb957a2f15a9060e30655a9f683ba1fc25dfb8809a73d32e9634bec385a2f1d686c707ac1e5f69fb773bc12df03fb64c77ce3faeed83e35f4eb1946cb1989e
  languageName: node
  linkType: hard

"once@npm:^1.3.0":
  version: 1.4.0
  resolution: "once@npm:1.4.0"
  dependencies:
    wrappy: 1
  checksum: cd0a88501333edd640d95f0d2700fbde6bff20b3d4d9bdc521bdd31af0656b5706570d6c6afe532045a20bb8dc0849f8332d6f2a416e0ba6d3d3b98806c7db68
  languageName: node
  linkType: hard

"p-map@npm:^4.0.0":
  version: 4.0.0
  resolution: "p-map@npm:4.0.0"
  dependencies:
    aggregate-error: ^3.0.0
  checksum: cb0ab21ec0f32ddffd31dfc250e3afa61e103ef43d957cc45497afe37513634589316de4eb88abdfd969fe6410c22c0b93ab24328833b8eb1ccc087fc0442a1c
  languageName: node
  linkType: hard

"path-is-absolute@npm:^1.0.0":
  version: 1.0.1
  resolution: "path-is-absolute@npm:1.0.1"
  checksum: 060840f92cf8effa293bcc1bea81281bd7d363731d214cbe5c227df207c34cd727430f70c6037b5159c8a870b9157cba65e775446b0ab06fd5ecc7e54615a3b8
  languageName: node
  linkType: hard

"path-parse@npm:^1.0.7":
  version: 1.0.7
  resolution: "path-parse@npm:1.0.7"
  checksum: 49abf3d81115642938a8700ec580da6e830dde670be21893c62f4e10bd7dd4c3742ddc603fe24f898cba7eb0c6bc1777f8d9ac14185d34540c6d4d80cd9cae8a
  languageName: node
  linkType: hard

"pcm-player@npm:^0.0.11":
  version: 0.0.11
  resolution: "pcm-player@npm:0.0.11"
  checksum: 8b02471e5788f23dbc965e577656a36c77d8a92f9481ddacac2d46c52755653e61bdb7a41698cee1a29e9df0cf8d853495b3968551b025c601ac4a7bf8139d81
  languageName: node
  linkType: hard

"picocolors@npm:^1.0.0":
  version: 1.0.0
  resolution: "picocolors@npm:1.0.0"
  checksum: a2e8092dd86c8396bdba9f2b5481032848525b3dc295ce9b57896f931e63fc16f79805144321f72976383fc249584672a75cc18d6777c6b757603f372f745981
  languageName: node
  linkType: hard

"postcss@npm:^8.4.5":
  version: 8.4.5
  resolution: "postcss@npm:8.4.5"
  dependencies:
    nanoid: ^3.1.30
    picocolors: ^1.0.0
    source-map-js: ^1.0.1
  checksum: b78abdd89c10f7b48f4bdcd376104a19d6e9c7495ab521729bdb3df315af6c211360e9f06887ad3bc0ab0f61a04b91d68ea11462997c79cced58b9ccd66fac07
  languageName: node
  linkType: hard

"prettier@npm:^2.5.1":
  version: 2.5.1
  resolution: "prettier@npm:2.5.1"
  bin:
    prettier: bin-prettier.js
  checksum: 21b9408476ea1c544b0e45d51ceb94a84789ff92095abb710942d780c862d0daebdb29972d47f6b4d0f7ebbfb0ffbf56cc2cfa3e3e9d1cca54864af185b15b66
  languageName: node
  linkType: hard

"promise-inflight@npm:^1.0.1":
  version: 1.0.1
  resolution: "promise-inflight@npm:1.0.1"
  checksum: 22749483091d2c594261517f4f80e05226d4d5ecc1fc917e1886929da56e22b5718b7f2a75f3807e7a7d471bc3be2907fe92e6e8f373ddf5c64bae35b5af3981
  languageName: node
  linkType: hard

"promise-retry@npm:^2.0.1":
  version: 2.0.1
  resolution: "promise-retry@npm:2.0.1"
  dependencies:
    err-code: ^2.0.2
    retry: ^0.12.0
  checksum: f96a3f6d90b92b568a26f71e966cbbc0f63ab85ea6ff6c81284dc869b41510e6cdef99b6b65f9030f0db422bf7c96652a3fff9f2e8fb4a0f069d8f4430359429
  languageName: node
  linkType: hard

"protobufjs@npm:^6.8.8":
  version: 6.11.2
  resolution: "protobufjs@npm:6.11.2"
  dependencies:
    "@protobufjs/aspromise": ^1.1.2
    "@protobufjs/base64": ^1.1.2
    "@protobufjs/codegen": ^2.0.4
    "@protobufjs/eventemitter": ^1.1.0
    "@protobufjs/fetch": ^1.1.0
    "@protobufjs/float": ^1.0.2
    "@protobufjs/inquire": ^1.1.0
    "@protobufjs/path": ^1.1.2
    "@protobufjs/pool": ^1.1.0
    "@protobufjs/utf8": ^1.1.0
    "@types/long": ^4.0.1
    "@types/node": ">=13.7.0"
    long: ^4.0.0
  bin:
    pbjs: bin/pbjs
    pbts: bin/pbts
  checksum: 80e9d9610c3eb66f9eae4e44a1ae30381cedb721b7d5f635d781fe4c507e2c77bb7c879addcd1dda79733d3ae589d9e66fd18d42baf99b35df7382a0f9920795
  languageName: node
  linkType: hard

"readable-stream@npm:^3.6.0":
  version: 3.6.0
  resolution: "readable-stream@npm:3.6.0"
  dependencies:
    inherits: ^2.0.3
    string_decoder: ^1.1.1
    util-deprecate: ^1.0.1
  checksum: d4ea81502d3799439bb955a3a5d1d808592cf3133350ed352aeaa499647858b27b1c4013984900238b0873ec8d0d8defce72469fb7a83e61d53f5ad61cb80dc8
  languageName: node
  linkType: hard

"resolve@npm:^1.20.0":
  version: 1.21.0
  resolution: "resolve@npm:1.21.0"
  dependencies:
    is-core-module: ^2.8.0
    path-parse: ^1.0.7
    supports-preserve-symlinks-flag: ^1.0.0
  bin:
    resolve: bin/resolve
  checksum: d7d9092a5c04a048bea16c7e5a2eb605ac3e8363a0cc5644de1fde17d5028e8d5f4343aab1d99bd327b98e91a66ea83e242718150c64dfedcb96e5e7aad6c4f5
  languageName: node
  linkType: hard

"resolve@patch:resolve@^1.20.0#~builtin<compat/resolve>":
  version: 1.21.0
  resolution: "resolve@patch:resolve@npm%3A1.21.0#~builtin<compat/resolve>::version=1.21.0&hash=07638b"
  dependencies:
    is-core-module: ^2.8.0
    path-parse: ^1.0.7
    supports-preserve-symlinks-flag: ^1.0.0
  bin:
    resolve: bin/resolve
  checksum: a0a4d1f7409e73190f31f901f8a619960bb3bd4ae38ba3a54c7ea7e1c87758d28a73256bb8d6a35996a903d1bf14f53883f0dcac6c571c063cb8162d813ad26e
  languageName: node
  linkType: hard

"retry@npm:^0.12.0":
  version: 0.12.0
  resolution: "retry@npm:0.12.0"
  checksum: 623bd7d2e5119467ba66202d733ec3c2e2e26568074923bc0585b6b99db14f357e79bdedb63cab56cec47491c4a0da7e6021a7465ca6dc4f481d3898fdd3158c
  languageName: node
  linkType: hard

"rimraf@npm:^3.0.2":
  version: 3.0.2
  resolution: "rimraf@npm:3.0.2"
  dependencies:
    glob: ^7.1.3
  bin:
    rimraf: bin.js
  checksum: 87f4164e396f0171b0a3386cc1877a817f572148ee13a7e113b238e48e8a9f2f31d009a92ec38a591ff1567d9662c6b67fd8818a2dbbaed74bc26a87a2a4a9a0
  languageName: node
  linkType: hard

"rollup@npm:^2.59.0":
  version: 2.64.0
  resolution: "rollup@npm:2.64.0"
  dependencies:
    fsevents: ~2.3.2
  dependenciesMeta:
    fsevents:
      optional: true
  bin:
    rollup: dist/bin/rollup
  checksum: dc5b28538002ed635ea54af4c2ced05c52146322c61dbe0e84f294ee62e4f232a15760fdcef9bbeb742883edf9bf093ace5389bbdd816d18b9f5740555135180
  languageName: node
  linkType: hard

"safe-buffer@npm:~5.2.0":
  version: 5.2.1
  resolution: "safe-buffer@npm:5.2.1"
  checksum: b99c4b41fdd67a6aaf280fcd05e9ffb0813654894223afb78a31f14a19ad220bba8aba1cb14eddce1fcfb037155fe6de4e861784eb434f7d11ed58d1e70dd491
  languageName: node
  linkType: hard

"safer-buffer@npm:>= 2.1.2 < 3.0.0":
  version: 2.1.2
  resolution: "safer-buffer@npm:2.1.2"
  checksum: cab8f25ae6f1434abee8d80023d7e72b598cf1327164ddab31003c51215526801e40b66c5e65d658a0af1e9d6478cadcb4c745f4bd6751f97d8644786c0978b0
  languageName: node
  linkType: hard

"semver@npm:^7.3.5":
  version: 7.3.7
  resolution: "semver@npm:7.3.7"
  dependencies:
    lru-cache: ^6.0.0
  bin:
    semver: bin/semver.js
  checksum: 2fa3e877568cd6ce769c75c211beaed1f9fce80b28338cadd9d0b6c40f2e2862bafd62c19a6cff42f3d54292b7c623277bcab8816a2b5521cf15210d43e75232
  languageName: node
  linkType: hard

"set-blocking@npm:^2.0.0":
  version: 2.0.0
  resolution: "set-blocking@npm:2.0.0"
  checksum: 6e65a05f7cf7ebdf8b7c75b101e18c0b7e3dff4940d480efed8aad3a36a4005140b660fa1d804cb8bce911cac290441dc728084a30504d3516ac2ff7ad607b02
  languageName: node
  linkType: hard

"signal-exit@npm:^3.0.7":
  version: 3.0.7
  resolution: "signal-exit@npm:3.0.7"
  checksum: a2f098f247adc367dffc27845853e9959b9e88b01cb301658cfe4194352d8d2bb32e18467c786a7fe15f1d44b233ea35633d076d5e737870b7139949d1ab6318
  languageName: node
  linkType: hard

"smart-buffer@npm:^4.2.0":
  version: 4.2.0
  resolution: "smart-buffer@npm:4.2.0"
  checksum: b5167a7142c1da704c0e3af85c402002b597081dd9575031a90b4f229ca5678e9a36e8a374f1814c8156a725d17008ae3bde63b92f9cfd132526379e580bec8b
  languageName: node
  linkType: hard

"socks-proxy-agent@npm:^6.1.1":
  version: 6.2.0
  resolution: "socks-proxy-agent@npm:6.2.0"
  dependencies:
    agent-base: ^6.0.2
    debug: ^4.3.3
    socks: ^2.6.2
  checksum: 6723fd64fb50334e2b340fd0a80fd8488ffc5bc43d85b7cf1d25612044f814dd7d6ea417fd47602159941236f7f4bd15669fa5d7e1f852598a31288e1a43967b
  languageName: node
  linkType: hard

"socks@npm:^2.6.2":
  version: 2.6.2
  resolution: "socks@npm:2.6.2"
  dependencies:
    ip: ^1.1.5
    smart-buffer: ^4.2.0
  checksum: dd9194293059d737759d5c69273850ad4149f448426249325c4bea0e340d1cf3d266c3b022694b0dcf5d31f759de23657244c481fc1e8322add80b7985c36b5e
  languageName: node
  linkType: hard

"source-map-js@npm:^1.0.1":
  version: 1.0.1
  resolution: "source-map-js@npm:1.0.1"
  checksum: 22606113d62bbd468712b0cb0c46e9a8629de7eb081049c62a04d977a211abafd7d61455617f8b78daba0b6c0c7e7c88f8c6b5aaeacffac0a6676ecf5caac5ce
  languageName: node
  linkType: hard

"ssri@npm:^9.0.0":
  version: 9.0.0
  resolution: "ssri@npm:9.0.0"
  dependencies:
    minipass: ^3.1.1
  checksum: bf33174232d07cc64e77ab1c51b55d28352273380c503d35642a19627e88a2c5f160039bb0a28608a353485075dda084dbf0390c7070f9f284559eb71d01b84b
  languageName: node
  linkType: hard

"string-width@npm:^1.0.2 || 2 || 3 || 4, string-width@npm:^4.2.3":
  version: 4.2.3
  resolution: "string-width@npm:4.2.3"
  dependencies:
    emoji-regex: ^8.0.0
    is-fullwidth-code-point: ^3.0.0
    strip-ansi: ^6.0.1
  checksum: e52c10dc3fbfcd6c3a15f159f54a90024241d0f149cf8aed2982a2d801d2e64df0bf1dc351cf8e95c3319323f9f220c16e740b06faecd53e2462df1d2b5443fb
  languageName: node
  linkType: hard

"string_decoder@npm:^1.1.1":
  version: 1.3.0
  resolution: "string_decoder@npm:1.3.0"
  dependencies:
    safe-buffer: ~5.2.0
  checksum: 8417646695a66e73aefc4420eb3b84cc9ffd89572861fe004e6aeb13c7bc00e2f616247505d2dbbef24247c372f70268f594af7126f43548565c68c117bdeb56
  languageName: node
  linkType: hard

"strip-ansi@npm:^6.0.1":
  version: 6.0.1
  resolution: "strip-ansi@npm:6.0.1"
  dependencies:
    ansi-regex: ^5.0.1
  checksum: f3cd25890aef3ba6e1a74e20896c21a46f482e93df4a06567cebf2b57edabb15133f1f94e57434e0a958d61186087b1008e89c94875d019910a213181a14fc8c
  languageName: node
  linkType: hard

"supports-preserve-symlinks-flag@npm:^1.0.0":
  version: 1.0.0
  resolution: "supports-preserve-symlinks-flag@npm:1.0.0"
  checksum: 53b1e247e68e05db7b3808b99b892bd36fb096e6fba213a06da7fab22045e97597db425c724f2bbd6c99a3c295e1e73f3e4de78592289f38431049e1277ca0ae
  languageName: node
  linkType: hard

"tar@npm:^6.1.11, tar@npm:^6.1.2":
  version: 6.1.11
  resolution: "tar@npm:6.1.11"
  dependencies:
    chownr: ^2.0.0
    fs-minipass: ^2.0.0
    minipass: ^3.0.0
    minizlib: ^2.1.1
    mkdirp: ^1.0.3
    yallist: ^4.0.0
  checksum: a04c07bb9e2d8f46776517d4618f2406fb977a74d914ad98b264fc3db0fe8224da5bec11e5f8902c5b9bcb8ace22d95fbe3c7b36b8593b7dfc8391a25898f32f
  languageName: node
  linkType: hard

"ts-poet@npm:^4.5.0":
  version: 4.10.0
  resolution: "ts-poet@npm:4.10.0"
  dependencies:
    lodash: ^4.17.15
    prettier: ^2.5.1
  checksum: ffb3890a429f7ab59d96a7a17d9cc161bce786695af0fd77156e5779cfaeda92eaae4f15995a8c71a83cfb528d61bd2518bae19c4adec147bff8dce6f27c57d3
  languageName: node
  linkType: hard

"ts-proto-descriptors@npm:^1.2.1":
  version: 1.3.1
  resolution: "ts-proto-descriptors@npm:1.3.1"
  dependencies:
    long: ^4.0.0
    protobufjs: ^6.8.8
  checksum: ef8acf9231375dd00cfa667c688746ae24fb8012a3875d1447cb6a6e9e0311150681719072716f58a24b1df801bcc35e56faca11ea4bac1f8146038b524b93c4
  languageName: node
  linkType: hard

"ts-proto@npm:^1.101.0":
  version: 1.101.0
  resolution: "ts-proto@npm:1.101.0"
  dependencies:
    "@types/object-hash": ^1.3.0
    dataloader: ^1.4.0
    object-hash: ^1.3.1
    protobufjs: ^6.8.8
    ts-poet: ^4.5.0
    ts-proto-descriptors: ^1.2.1
  bin:
    protoc-gen-ts_proto: protoc-gen-ts_proto
  checksum: d404e34cad4fc5fb19271f7f257ff177d0ebac22ceca3b287927566a3ecda2f350b8592851d27415f6ec645525eae4ab40291ce3a6a3e151bb004478a1fe634a
  languageName: node
  linkType: hard

"typescript@npm:^4.4.4":
  version: 4.5.4
  resolution: "typescript@npm:4.5.4"
  bin:
    tsc: bin/tsc
    tsserver: bin/tsserver
  checksum: 59f3243f9cd6fe3161e6150ff6bf795fc843b4234a655dbd938a310515e0d61afd1ac942799e7415e4334255e41c2c49b7dd5d9fd38a17acd25a6779ca7e0961
  languageName: node
  linkType: hard

"typescript@patch:typescript@^4.4.4#~builtin<compat/typescript>":
  version: 4.5.4
  resolution: "typescript@patch:typescript@npm%3A4.5.4#~builtin<compat/typescript>::version=4.5.4&hash=bda367"
  bin:
    tsc: bin/tsc
    tsserver: bin/tsserver
  checksum: eda87927f9cfb94aca9b5e47842daf37347ad3073133e17f556fbb6c18f3493c5b551eedab0f4b26774235ddb7acbe0087250d5285f72ce6819a0891dd5a74ed
  languageName: node
  linkType: hard

"unique-filename@npm:^1.1.1":
  version: 1.1.1
  resolution: "unique-filename@npm:1.1.1"
  dependencies:
    unique-slug: ^2.0.0
  checksum: cf4998c9228cc7647ba7814e255dec51be43673903897b1786eff2ac2d670f54d4d733357eb08dea969aa5e6875d0e1bd391d668fbdb5a179744e7c7551a6f80
  languageName: node
  linkType: hard

"unique-slug@npm:^2.0.0":
  version: 2.0.2
  resolution: "unique-slug@npm:2.0.2"
  dependencies:
    imurmurhash: ^0.1.4
  checksum: 5b6876a645da08d505dedb970d1571f6cebdf87044cb6b740c8dbb24f0d6e1dc8bdbf46825fd09f994d7cf50760e6f6e063cfa197d51c5902c00a861702eb75a
  languageName: node
  linkType: hard

"util-deprecate@npm:^1.0.1":
  version: 1.0.2
  resolution: "util-deprecate@npm:1.0.2"
  checksum: 474acf1146cb2701fe3b074892217553dfcf9a031280919ba1b8d651a068c9b15d863b7303cb15bd00a862b498e6cf4ad7b4a08fb134edd5a6f7641681cb54a2
  languageName: node
  linkType: hard

"vite@npm:^2.7.2":
  version: 2.7.12
  resolution: "vite@npm:2.7.12"
  dependencies:
    esbuild: ^0.13.12
    fsevents: ~2.3.2
    postcss: ^8.4.5
    resolve: ^1.20.0
    rollup: ^2.59.0
  peerDependencies:
    less: "*"
    sass: "*"
    stylus: "*"
  dependenciesMeta:
    fsevents:
      optional: true
  peerDependenciesMeta:
    less:
      optional: true
    sass:
      optional: true
    stylus:
      optional: true
  bin:
    vite: bin/vite.js
  checksum: 56d62ae8131b02891f2dbd81f26a3ca28a02bfe390f9cb4e0c2d8dc831c2e2f8264dd3c45b14c7dd48e79d83d323a35148f92729e1f3385fae04fcd691f3f985
  languageName: node
  linkType: hard

"wasm-feature-detect@npm:^1.2.11":
  version: 1.2.11
  resolution: "wasm-feature-detect@npm:1.2.11"
  checksum: e7f28f5e6ca0722ba059e200c47a944ebd7570027a3ac5600b7178ee9bf950fe5280a68b5e3b5f29930407cc1214695ca10ea36a3d995d3445f4e34db58a8505
  languageName: node
  linkType: hard

"web_hbb@workspace:.":
  version: 0.0.0-use.local
  resolution: "web_hbb@workspace:."
  dependencies:
    fast-sha256: ^1.3.0
    libsodium: ^0.7.9
    libsodium-wrappers: ^0.7.9
    pcm-player: ^0.0.11
    ts-proto: ^1.101.0
    typescript: ^4.4.4
    vite: ^2.7.2
    wasm-feature-detect: ^1.2.11
    zstddec: ^0.0.2
  languageName: unknown
  linkType: soft

"which@npm:^2.0.2":
  version: 2.0.2
  resolution: "which@npm:2.0.2"
  dependencies:
    isexe: ^2.0.0
  bin:
    node-which: ./bin/node-which
  checksum: 1a5c563d3c1b52d5f893c8b61afe11abc3bab4afac492e8da5bde69d550de701cf9806235f20a47b5c8fa8a1d6a9135841de2596535e998027a54589000e66d1
  languageName: node
  linkType: hard

"wide-align@npm:^1.1.5":
  version: 1.1.5
  resolution: "wide-align@npm:1.1.5"
  dependencies:
    string-width: ^1.0.2 || 2 || 3 || 4
  checksum: d5fc37cd561f9daee3c80e03b92ed3e84d80dde3365a8767263d03dacfc8fa06b065ffe1df00d8c2a09f731482fcacae745abfbb478d4af36d0a891fad4834d3
  languageName: node
  linkType: hard

"wrappy@npm:1":
  version: 1.0.2
  resolution: "wrappy@npm:1.0.2"
  checksum: 159da4805f7e84a3d003d8841557196034155008f817172d4e986bd591f74aa82aa7db55929a54222309e01079a65a92a9e6414da5a6aa4b01ee44a511ac3ee5
  languageName: node
  linkType: hard

"yallist@npm:^4.0.0":
  version: 4.0.0
  resolution: "yallist@npm:4.0.0"
  checksum: 343617202af32df2a15a3be36a5a8c0c8545208f3d3dfbc6bb7c3e3b7e8c6f8e7485432e4f3b88da3031a6e20afa7c711eded32ddfb122896ac5d914e75848d5
  languageName: node
  linkType: hard

"zstddec@npm:^0.0.2":
  version: 0.0.2
  resolution: "zstddec@npm:0.0.2"
  checksum: 107334442a34590173cda03614006337712658fd043fa79f72bd486de527e2a16da474d7b20d4a171f086b334c2ad8a72afb634776d79bc2c36aee065babe31b
  languageName: node
  linkType: hard
